
Microsoft Visual Studio Solution File, Format Version 12.00
# Visual Studio Version 16
VisualStudioVersion = 16.0.31019.35
MinimumVisualStudioVersion = 10.0.40219.1
Project("{FAE04EC0-301F-11D3-BF4B-00C04F79EFBC}") = "MvxStarter.Core", "MvxStarter.Core\MvxStarter.Core.csproj", "{5ECDD7F4-8EB2-4809-A141-98FCD50D624F}"
EndProject
Project("{FAE04EC0-301F-11D3-BF4B-00C04F79EFBC}") = "MvxStarterWPF", "MvxStarterWPF\MvxStarterWPF.csproj", "{2ED8B4C6-4C2E-4CED-963D-850837BEF8EB}"
EndProject
Global
	GlobalSection(SolutionConfigurationPlatforms) = preSolution
		Debug|Any CPU = Debug|Any CPU
		Release|Any CPU = Release|Any CPU
	EndGlobalSection
	GlobalSection(ProjectConfigurationPlatforms) = postSolution
		{5ECDD7F4-8EB2-4809-A141-98FCD50D624F}.Debug|Any CPU.ActiveCfg = Debug|Any CPU
		{5ECDD7F4-8EB2-4809-A141-98FCD50D624F}.Debug|Any CPU.Build.0 = Debug|Any CPU
		{5ECDD7F4-8EB2-4809-A141-98FCD50D624F}.Release|Any CPU.ActiveCfg = Release|Any CPU
		{5ECDD7F4-8EB2-4809-A141-98FCD50D624F}.Release|Any CPU.Build.0 = Release|Any CPU
		{2ED8B4C6-4C2E-4CED-963D-850837BEF8EB}.Debug|Any CPU.ActiveCfg = Debug|Any CPU
		{2ED8B4C6-4C2E-4CED-963D-850837BEF8EB}.Debug|Any CPU.Build.0 = Debug|Any CPU
		{2ED8B4C6-4C2E-4CED-963D-850837BEF8EB}.Release|Any CPU.ActiveCfg = Release|Any CPU
		{2ED8B4C6-4C2E-4CED-963D-850837BEF8EB}.Release|Any CPU.Build.0 = Release|Any CPU
	EndGlobalSection
	GlobalSection(SolutionProperties) = preSolution
		HideSolutionNode = FALSE
	EndGlobalSection
	GlobalSection(ExtensibilityGlobals) = postSolution
		SolutionGuid = {342168BB-A825-419B-A485-A6062D8DD59C}
	EndGlobalSection
EndGlobal
